// !$*UTF8*$!
{
	archiveVersion = 1;
	classes = {
	};
	objectVersion = 48;
	objects = {

/* Begin PBXBuildFile section */
		2A8C1842204D8035002299AD /* main.cpp in Sources */ = {isa = PBXBuildFile; fileRef = 2A8C1841204D8035002299AD /* main.cpp */; };
		2AAACD4C2052E6F9008DBABB /* glad.c in Sources */ = {isa = PBXBuildFile; fileRef = 2AAACD4B2052E6F9008DBABB /* glad.c */; };
		2AAACD4F2052E70D008DBABB /* OpenGL.framework in Frameworks */ = {isa = PBXBuildFile; fileRef = 2AAACD4E2052E70D008DBABB /* OpenGL.framework */; };
		2AAACD512052E757008DBABB /* libglfw.3.2.dylib in Frameworks */ = {isa = PBXBuildFile; fileRef = 2AAACD502052E757008DBABB /* libglfw.3.2.dylib */; };
/* End PBXBuildFile section */

/* Begin PBXCopyFilesBuildPhase section */
		2A8C183C204D8035002299AD /* CopyFiles */ = {
			isa = PBXCopyFilesBuildPhase;
			buildActionMask = 2147483647;
			dstPath = /usr/share/man/man1/;
			dstSubfolderSpec = 0;
			files = (
			);
			runOnlyForDeploymentPostprocessing = 1;
		};
/* End PBXCopyFilesBuildPhase section */

/* Begin PBXFileReference section */
		2A8C183E204D8035002299AD /* testOpenGLByCPlusPlus */ = {isa = PBXFileReference; explicitFileType = "compiled.mach-o.executable"; includeInIndex = 0; path = testOpenGLByCPlusPlus; sourceTree = BUILT_PRODUCTS_DIR; };
		2A8C1841204D8035002299AD /* main.cpp */ = {isa = PBXFileReference; lastKnownFileType = sourcecode.cpp.cpp; path = main.cpp; sourceTree = "<group>"; };
		2AAACD492052E6D7008DBABB /* glad.h */ = {isa = PBXFileReference; fileEncoding = 4; lastKnownFileType = sourcecode.c.h; name = glad.h; path = testOpenGLByCPlusPlus/Include/glad.h; sourceTree = SOURCE_ROOT; };
		2AAACD4A2052E6D7008DBABB /* khrplatform.h */ = {isa = PBXFileReference; fileEncoding = 4; lastKnownFileType = sourcecode.c.h; name = khrplatform.h; path = testOpenGLByCPlusPlus/Include/khrplatform.h; sourceTree = SOURCE_ROOT; };
		2AAACD4B2052E6F9008DBABB /* glad.c */ = {isa = PBXFileReference; fileEncoding = 4; lastKnownFileType = sourcecode.c.c; name = glad.c; path = testOpenGLByCPlusPlus/glad.c; sourceTree = SOURCE_ROOT; };
		2AAACD4E2052E70D008DBABB /* OpenGL.framework */ = {isa = PBXFileReference; lastKnownFileType = wrapper.framework; name = OpenGL.framework; path = System/Library/Frameworks/OpenGL.framework; sourceTree = SDKROOT; };
		2AAACD502052E757008DBABB /* libglfw.3.2.dylib */ = {isa = PBXFileReference; lastKnownFileType = "compiled.mach-o.dylib"; name = libglfw.3.2.dylib; path = ../../../../../usr/local/Cellar/glfw/3.2.1/lib/libglfw.3.2.dylib; sourceTree = "<group>"; };
/* End PBXFileReference section */

/* Begin PBXFrameworksBuildPhase section */
		2A8C183B204D8035002299AD /* Frameworks */ = {
			isa = PBXFrameworksBuildPhase;
			buildActionMask = 2147483647;
			files = (
				2AAACD512052E757008DBABB /* libglfw.3.2.dylib in Frameworks */,
				2AAACD4F2052E70D008DBABB /* OpenGL.framework in Frameworks */,
			);
			runOnlyForDeploymentPostprocessing = 0;
		};
/* End PBXFrameworksBuildPhase section */

/* Begin PBXGroup section */
		2A8C1835204D8034002299AD = {
			isa = PBXGroup;
			children = (
				2A8C1840204D8035002299AD /* testOpenGLByCPlusPlus */,
				2A8C183F204D8035002299AD /* Products */,
				2AAACD4D2052E70D008DBABB /* Frameworks */,
			);
			sourceTree = "<group>";
		};
		2A8C183F204D8035002299AD /* Products */ = {
			isa = PBXGroup;
			children = (
				2A8C183E204D8035002299AD /* testOpenGLByCPlusPlus */,
			);
			name = Products;
			sourceTree = "<group>";
		};
		2A8C1840204D8035002299AD /* testOpenGLByCPlusPlus */ = {
			isa = PBXGroup;
			children = (
				2AAACD482052E6B9008DBABB /* include */,
				2A8C1841204D8035002299AD /* main.cpp */,
			);
			path = testOpenGLByCPlusPlus;
			sourceTree = "<group>";
		};
		2AAACD482052E6B9008DBABB /* include */ = {
			isa = PBXGroup;
			children = (
				2AAACD4B2052E6F9008DBABB /* glad.c */,
				2AAACD492052E6D7008DBABB /* glad.h */,
				2AAACD4A2052E6D7008DBABB /* khrplatform.h */,
			);
			name = include;
			path = "New Group";
			sourceTree = "<group>";
		};
		2AAACD4D2052E70D008DBABB /* Frameworks */ = {
			isa = PBXGroup;
			children = (
				2AAACD502052E757008DBABB /* libglfw.3.2.dylib */,
				2AAACD4E2052E70D008DBABB /* OpenGL.framework */,
			);
			name = Frameworks;
			sourceTree = "<group>";
		};
/* End PBXGroup section */

/* Begin PBXNativeTarget section */
		2A8C183D204D8035002299AD /* testOpenGLByCPlusPlus */ = {
			isa = PBXNativeTarget;
			buildConfigurationList = 2A8C1845204D8035002299AD /* Build configuration list for PBXNativeTarget "testOpenGLByCPlusPlus" */;
			buildPhases = (
				2A8C183A204D8035002299AD /* Sources */,
				2A8C183B204D8035002299AD /* Frameworks */,
				2A8C183C204D8035002299AD /* CopyFiles */,
			);
			buildRules = (
			);
			dependencies = (
			);
			name = testOpenGLByCPlusPlus;
			productName = testOpenGLByCPlusPlus;
			productReference = 2A8C183E204D8035002299AD /* testOpenGLByCPlusPlus */;
			productType = "com.apple.product-type.tool";
		};
/* End PBXNativeTarget section */

/* Begin PBXProject section */
		2A8C1836204D8034002299AD /* Project object */ = {
			isa = PBXProject;
			attributes = {
				LastUpgradeCheck = 0920;
				ORGANIZATIONNAME = "张钰";
				TargetAttributes = {
					2A8C183D204D8035002299AD = {
						CreatedOnToolsVersion = 9.2;
						ProvisioningStyle = Automatic;
					};
				};
			};
			buildConfigurationList = 2A8C1839204D8034002299AD /* Build configuration list for PBXProject "testOpenGLByCPlusPlus" */;
			compatibilityVersion = "Xcode 8.0";
			developmentRegion = en;
			hasScannedForEncodings = 0;
			knownRegions = (
				en,
			);
			mainGroup = 2A8C1835204D8034002299AD;
			productRefGroup = 2A8C183F204D8035002299AD /* Products */;
			projectDirPath = "";
			projectRoot = "";
			targets = (
				2A8C183D204D8035002299AD /* testOpenGLByCPlusPlus */,
			);
		};
/* End PBXProject section */

/* Begin PBXSourcesBuildPhase section */
		2A8C183A204D8035002299AD /* Sources */ = {
			isa = PBXSourcesBuildPhase;
			buildActionMask = 2147483647;
			files = (
				2A8C1842204D8035002299AD /* main.cpp in Sources */,
				2AAACD4C2052E6F9008DBABB /* glad.c in Sources */,
			);
			runOnlyForDeploymentPostprocessing = 0;
		};
/* End PBXSourcesBuildPhase section */

/* Begin XCBuildConfiguration section */
		2A8C1843204D8035002299AD /* Debug */ = {
			isa = XCBuildConfiguration;
			buildSettings = {
				ALWAYS_SEARCH_USER_PATHS = NO;
				CLANG_ANALYZER_NONNULL = YES;
				CLANG_ANALYZER_NUMBER_OBJECT_CONVERSION = YES_AGGRESSIVE;
				CLANG_CXX_LANGUAGE_STANDARD = "gnu++14";
				CLANG_CXX_LIBRARY = "libc++";
				CLANG_ENABLE_MODULES = YES;
				CLANG_ENABLE_OBJC_ARC = YES;
				CLANG_WARN_BLOCK_CAPTURE_AUTORELEASING = YES;
				CLANG_WARN_BOOL_CONVERSION = YES;
				CLANG_WARN_COMMA = YES;
				CLANG_WARN_CONSTANT_CONVERSION = YES;
				CLANG_WARN_DIRECT_OBJC_ISA_USAGE = YES_ERROR;
				CLANG_WARN_DOCUMENTATION_COMMENTS = YES;
				CLANG_WARN_EMPTY_BODY = YES;
				CLANG_WARN_ENUM_CONVERSION = YES;
				CLANG_WARN_INFINITE_RECURSION = YES;
				CLANG_WARN_INT_CONVERSION = YES;
				CLANG_WARN_NON_LITERAL_NULL_CONVERSION = YES;
				CLANG_WARN_OBJC_LITERAL_CONVERSION = YES;
				CLANG_WARN_OBJC_ROOT_CLASS = YES_ERROR;
				CLANG_WARN_RANGE_LOOP_ANALYSIS = YES;
				CLANG_WARN_STRICT_PROTOTYPES = YES;
				CLANG_WARN_SUSPICIOUS_MOVE = YES;
				CLANG_WARN_UNGUARDED_AVAILABILITY = YES_AGGRESSIVE;
				CLANG_WARN_UNREACHABLE_CODE = YES;
				CLANG_WARN__DUPLICATE_METHOD_MATCH = YES;
				CODE_SIGN_IDENTITY = "Mac Developer";
				COPY_PHASE_STRIP = NO;
				DEBUG_INFORMATION_FORMAT = dwarf;
				ENABLE_STRICT_OBJC_MSGSEND = YES;
				ENABLE_TESTABILITY = YES;
				GCC_C_LANGUAGE_STANDARD = gnu11;
				GCC_DYNAMIC_NO_PIC = NO;
				GCC_NO_COMMON_BLOCKS = YES;
				GCC_OPTIMIZATION_LEVEL = 0;
				GCC_PREPROCESSOR_DEFINITIONS = (
					"DEBUG=1",
					"$(inherited)",
				);
				GCC_WARN_64_TO_32_BIT_CONVERSION = YES;
				GCC_WARN_ABOUT_RETURN_TYPE = YES_ERROR;
				GCC_WARN_UNDECLARED_SELECTOR = YES;
				GCC_WARN_UNINITIALIZED_AUTOS = YES_AGGRESSIVE;
				GCC_WARN_UNUSED_FUNCTION = YES;
				GCC_WARN_UNUSED_VARIABLE = YES;
				MACOSX_DEPLOYMENT_TARGET = 10.13;
				MTL_ENABLE_DEBUG_INFO = YES;
				ONLY_ACTIVE_ARCH = YES;
				SDKROOT = macosx;
			};
			name = Debug;
		};
		2A8C1844204D8035002299AD /* Release */ = {
			isa = XCBuildConfiguration;
			buildSettings = {
				ALWAYS_SEARCH_USER_PATHS = NO;
				CLANG_ANALYZER_NONNULL = YES;
				CLANG_ANALYZER_NUMBER_OBJECT_CONVERSION = YES_AGGRESSIVE;
				CLANG_CXX_LANGUAGE_STANDARD = "gnu++14";
				CLANG_CXX_LIBRARY = "libc++";
				CLANG_ENABLE_MODULES = YES;
				CLANG_ENABLE_OBJC_ARC = YES;
				CLANG_WARN_BLOCK_CAPTURE_AUTORELEASING = YES;
				CLANG_WARN_BOOL_CONVERSION = YES;
				CLANG_WARN_COMMA = YES;
				CLANG_WARN_CONSTANT_CONVERSION = YES;
				CLANG_WARN_DIRECT_OBJC_ISA_USAGE = YES_ERROR;
				CLANG_WARN_DOCUMENTATION_COMMENTS = YES;
				CLANG_WARN_EMPTY_BODY = YES;
				CLANG_WARN_ENUM_CONVERSION = YES;
				CLANG_WARN_INFINITE_RECURSION = YES;
				CLANG_WARN_INT_CONVERSION = YES;
				CLANG_WARN_NON_LITERAL_NULL_CONVERSION = YES;
				CLANG_WARN_OBJC_LITERAL_CONVERSION = YES;
				CLANG_WARN_OBJC_ROOT_CLASS = YES_ERROR;
				CLANG_WARN_RANGE_LOOP_ANALYSIS = YES;
				CLANG_WARN_STRICT_PROTOTYPES = YES;
				CLANG_WARN_SUSPICIOUS_MOVE = YES;
				CLANG_WARN_UNGUARDED_AVAILABILITY = YES_AGGRESSIVE;
				CLANG_WARN_UNREACHABLE_CODE = YES;
				CLANG_WARN__DUPLICATE_METHOD_MATCH = YES;
				CODE_SIGN_IDENTITY = "Mac Developer";
				COPY_PHASE_STRIP = NO;
				DEBUG_INFORMATION_FORMAT = "dwarf-with-dsym";
				ENABLE_NS_ASSERTIONS = NO;
				ENABLE_STRICT_OBJC_MSGSEND = YES;
				GCC_C_LANGUAGE_STANDARD = gnu11;
				GCC_NO_COMMON_BLOCKS = YES;
				GCC_WARN_64_TO_32_BIT_CONVERSION = YES;
				GCC_WARN_ABOUT_RETURN_TYPE = YES_ERROR;
				GCC_WARN_UNDECLARED_SELECTOR = YES;
				GCC_WARN_UNINITIALIZED_AUTOS = YES_AGGRESSIVE;
				GCC_WARN_UNUSED_FUNCTION = YES;
				GCC_WARN_UNUSED_VARIABLE = YES;
				MACOSX_DEPLOYMENT_TARGET = 10.13;
				MTL_ENABLE_DEBUG_INFO = NO;
				SDKROOT = macosx;
			};
			name = Release;
		};
		2A8C1846204D8035002299AD /* Debug */ = {
			isa = XCBuildConfiguration;
			buildSettings = {
				CODE_SIGN_STYLE = Automatic;
				DEVELOPMENT_TEAM = 7M65Q3SXN8;
				HEADER_SEARCH_PATHS = (
					"${glfw_header}",
					"${glad_header}",
				);
				LIBRARY_SEARCH_PATHS = (
					"${glfw_lib}",
					/usr/local/Cellar/glfw/3.2.1/lib,
				);
				PRODUCT_NAME = "$(TARGET_NAME)";
			};
			name = Debug;
		};
		2A8C1847204D8035002299AD /* Release */ = {
			isa = XCBuildConfiguration;
			buildSettings = {
				CODE_SIGN_STYLE = Automatic;
				DEVELOPMENT_TEAM = 7M65Q3SXN8;
				HEADER_SEARCH_PATHS = (
					"${glfw_header}",
					"${glad_header}",
				);
				LIBRARY_SEARCH_PATHS = (
					"${glfw_lib}",
					/usr/local/Cellar/glfw/3.2.1/lib,
				);
				PRODUCT_NAME = "$(TARGET_NAME)";
			};
			name = Release;
		};
/* End XCBuildConfiguration section */

/* Begin XCConfigurationList section */
		2A8C1839204D8034002299AD /* Build configuration list for PBXProject "testOpenGLByCPlusPlus" */ = {
			isa = XCConfigurationList;
			buildConfigurations = (
				2A8C1843204D8035002299AD /* Debug */,
				2A8C1844204D8035002299AD /* Release */,
			);
			defaultConfigurationIsVisible = 0;
			defaultConfigurationName = Release;
		};
		2A8C1845204D8035002299AD /* Build configuration list for PBXNativeTarget "testOpenGLByCPlusPlus" */ = {
			isa = XCConfigurationList;
			buildConfigurations = (
				2A8C1846204D8035002299AD /* Debug */,
				2A8C1847204D8035002299AD /* Release */,
			);
			defaultConfigurationIsVisible = 0;
			defaultConfigurationName = Release;
		};
/* End XCConfigurationList section */
	};
	rootObject = 2A8C1836204D8034002299AD /* Project object */;
}
